
Microsoft Visual Studio Solution File, Format Version 12.00
# Visual Studio Version 17
VisualStudioVersion = 17.5.33424.131
MinimumVisualStudioVersion = 10.0.40219.1
Project("{FAE04EC0-301F-11D3-BF4B-00C04F79EFBC}") = "Sistema de Cadastro", "Sistema de Cadastro\Sistema de Cadastro.csproj", "{726D7DCB-EF48-4B67-886F-AA2B6B7FC75F}"
EndProject
Global
	GlobalSection(SolutionConfigurationPlatforms) = preSolution
		Debug|Any CPU = Debug|Any CPU
		Release|Any CPU = Release|Any CPU
	EndGlobalSection
	GlobalSection(ProjectConfigurationPlatforms) = postSolution
		{726D7DCB-EF48-4B67-886F-AA2B6B7FC75F}.Debug|Any CPU.ActiveCfg = Debug|Any CPU
		{726D7DCB-EF48-4B67-886F-AA2B6B7FC75F}.Debug|Any CPU.Build.0 = Debug|Any CPU
		{726D7DCB-EF48-4B67-886F-AA2B6B7FC75F}.Release|Any CPU.ActiveCfg = Release|Any CPU
		{726D7DCB-EF48-4B67-886F-AA2B6B7FC75F}.Release|Any CPU.Build.0 = Release|Any CPU
	EndGlobalSection
	GlobalSection(SolutionProperties) = preSolution
		HideSolutionNode = FALSE
	EndGlobalSection
	GlobalSection(ExtensibilityGlobals) = postSolution
		SolutionGuid = {3230C57C-7DAE-4443-871B-9A28A16ED5F7}
	EndGlobalSection
EndGlobal
